
Microsoft Visual Studio Solution File, Format Version 12.00
# Visual Studio Version 16
VisualStudioVersion = 16.0.32602.291
MinimumVisualStudioVersion = 10.0.40219.1
Project("{FAE04EC0-301F-11D3-BF4B-00C04F79EFBC}") = "Quitandinha", "Quitandinha\Quitandinha.csproj", "{5168B3A9-34C1-4FFA-B2B5-A5ACA25AA81F}"
EndProject
Global
	GlobalSection(SolutionConfigurationPlatforms) = preSolution
		Debug|Any CPU = Debug|Any CPU
		Release|Any CPU = Release|Any CPU
	EndGlobalSection
	GlobalSection(ProjectConfigurationPlatforms) = postSolution
		{5168B3A9-34C1-4FFA-B2B5-A5ACA25AA81F}.Debug|Any CPU.ActiveCfg = Debug|Any CPU
		{5168B3A9-34C1-4FFA-B2B5-A5ACA25AA81F}.Debug|Any CPU.Build.0 = Debug|Any CPU
		{5168B3A9-34C1-4FFA-B2B5-A5ACA25AA81F}.Release|Any CPU.ActiveCfg = Release|Any CPU
		{5168B3A9-34C1-4FFA-B2B5-A5ACA25AA81F}.Release|Any CPU.Build.0 = Release|Any CPU
	EndGlobalSection
	GlobalSection(SolutionProperties) = preSolution
		HideSolutionNode = FALSE
	EndGlobalSection
	GlobalSection(ExtensibilityGlobals) = postSolution
		SolutionGuid = {3FF556E5-A814-4EAB-BB76-AF2E21343E6A}
	EndGlobalSection
EndGlobal
